
Microsoft Visual Studio Solution File, Format Version 12.00
Project("{FAE04EC0-301F-11D3-BF4B-00C04F79EFBC}") = "ServiceView", "ServiceView\ServiceView.csproj", "{7AA4D802-F341-425B-B98D-3AC9881F984D}"
EndProject
Global
	GlobalSection(SolutionConfigurationPlatforms) = preSolution
		Debug|Any CPU = Debug|Any CPU
		Release|Any CPU = Release|Any CPU
	EndGlobalSection
	GlobalSection(ProjectConfigurationPlatforms) = postSolution
		{7AA4D802-F341-425B-B98D-3AC9881F984D}.Debug|Any CPU.ActiveCfg = Debug|Any CPU
		{7AA4D802-F341-425B-B98D-3AC9881F984D}.Debug|Any CPU.Build.0 = Debug|Any CPU
		{7AA4D802-F341-425B-B98D-3AC9881F984D}.Release|Any CPU.ActiveCfg = Release|Any CPU
		{7AA4D802-F341-425B-B98D-3AC9881F984D}.Release|Any CPU.Build.0 = Release|Any CPU
	EndGlobalSection
EndGlobal
